PODS:
  - Expecta (0.3.1)
  - ReactiveBeacon (0.0.2):
    - ReactiveCocoa (~> 2.3.1)
  - ReactiveCocoa (2.3.1):
    - ReactiveCocoa/UI
  - ReactiveCocoa/Core (2.3.1):
    - ReactiveCocoa/no-arc
  - ReactiveCocoa/no-arc (2.3.1)
  - ReactiveCocoa/UI (2.3.1):
    - ReactiveCocoa/Core
  - Specta (0.2.1)

DEPENDENCIES:
  - Expecta
  - ReactiveBeacon (from `../`)
  - Specta (~> 0.2.1)

EXTERNAL SOURCES:
  ReactiveBeacon:
    :path: ../

SPEC CHECKSUMS:
  Expecta: 03aabd0a89d8dea843baecb19a7fd7466a69a31d
  ReactiveBeacon: 0b0dbee17ad1f41c49d8a1a3d9192401c62a22e0
  ReactiveCocoa: dca75777b9d18990c8714a3a6f2149f29b4d1462
  Specta: 9141310f46b1f68b676650ff2854e1ed0b74163a

COCOAPODS: 0.33.1
